// !$*UTF8*$!
{
	archiveVersion = 1;
	classes = {
	};
	objectVersion = 46;
	objects = {

/* Begin PBXFileReference section */
		AA2366B617D01CDE00B825A9 /* LICENSE */ = {isa = PBXFileReference; fileEncoding = 4; lastKnownFileType = text; path = LICENSE; sourceTree = "<group>"; };
		AA2366BA17D0202A00B825A9 /* README.md */ = {isa = PBXFileReference; fileEncoding = 4; lastKnownFileType = text; path = README.md; sourceTree = "<group>"; };
		AA2366BB17D0234200B825A9 /* .gitignore */ = {isa = PBXFileReference; fileEncoding = 4; lastKnownFileType = text; path = .gitignore; sourceTree = "<group>"; };
		AAAF061317CFFAEB00A7207A /* requirements.txt */ = {isa = PBXFileReference; fileEncoding = 4; lastKnownFileType = text; path = requirements.txt; sourceTree = "<group>"; };
		AAAF061417CFFAEB00A7207A /* server.py */ = {isa = PBXFileReference; fileEncoding = 4; lastKnownFileType = text.script.python; path = server.py; sourceTree = "<group>"; };
		AAAF07A217CFFB1800A7207A /* shorty.js */ = {isa = PBXFileReference; fileEncoding = 4; lastKnownFileType = sourcecode.javascript; path = shorty.js; sourceTree = "<group>"; };
		AAAF07A717CFFB2100A7207A /* index.html */ = {isa = PBXFileReference; fileEncoding = 4; lastKnownFileType = text.html; path = index.html; sourceTree = "<group>"; };
		AAAF07AB17CFFB2100A7207A /* footer.html */ = {isa = PBXFileReference; fileEncoding = 4; lastKnownFileType = text.html; path = footer.html; sourceTree = "<group>"; };
		AAAF07BD17CFFB2100A7207A /* header.html */ = {isa = PBXFileReference; fileEncoding = 4; lastKnownFileType = text.html; path = header.html; sourceTree = "<group>"; };
		AAAF07CF17D008E100A7207A /* shorty.css */ = {isa = PBXFileReference; fileEncoding = 4; lastKnownFileType = text.css; path = shorty.css; sourceTree = "<group>"; };
/* End PBXFileReference section */

/* Begin PBXGroup section */
		AAAF060117CFFAA400A7207A = {
			isa = PBXGroup;
			children = (
				AA2366BB17D0234200B825A9 /* .gitignore */,
				AA2366BA17D0202A00B825A9 /* README.md */,
				AA2366B617D01CDE00B825A9 /* LICENSE */,
				AAAF07A617CFFB2100A7207A /* templates */,
				AAAF061517CFFB1700A7207A /* static */,
				AAAF061317CFFAEB00A7207A /* requirements.txt */,
				AAAF061417CFFAEB00A7207A /* server.py */,
			);
			sourceTree = "<group>";
		};
		AAAF061517CFFB1700A7207A /* static */ = {
			isa = PBXGroup;
			children = (
				AAAF063517CFFB1700A7207A /* stylesheets */,
				AAAF079F17CFFB1800A7207A /* javascripts */,
			);
			path = static;
			sourceTree = "<group>";
		};
		AAAF063517CFFB1700A7207A /* stylesheets */ = {
			isa = PBXGroup;
			children = (
				AAAF07CF17D008E100A7207A /* shorty.css */,
			);
			path = stylesheets;
			sourceTree = "<group>";
		};
		AAAF079F17CFFB1800A7207A /* javascripts */ = {
			isa = PBXGroup;
			children = (
				AAAF07A217CFFB1800A7207A /* shorty.js */,
			);
			path = javascripts;
			sourceTree = "<group>";
		};
		AAAF07A617CFFB2100A7207A /* templates */ = {
			isa = PBXGroup;
			children = (
				AAAF07A717CFFB2100A7207A /* index.html */,
				AAAF07AB17CFFB2100A7207A /* footer.html */,
				AAAF07BD17CFFB2100A7207A /* header.html */,
			);
			path = templates;
			sourceTree = "<group>";
		};
/* End PBXGroup section */

/* Begin PBXLegacyTarget section */
		AAAF060617CFFAA400A7207A /* Shorty */ = {
			isa = PBXLegacyTarget;
			buildArgumentsString = "$(ACTION)";
			buildConfigurationList = AAAF060917CFFAA400A7207A /* Build configuration list for PBXLegacyTarget "Shorty" */;
			buildPhases = (
			);
			buildToolPath = open;
			dependencies = (
			);
			name = Shorty;
			passBuildSettingsInEnvironment = 1;
			productName = Shorty;
		};
/* End PBXLegacyTarget section */

/* Begin PBXProject section */
		AAAF060217CFFAA400A7207A /* Project object */ = {
			isa = PBXProject;
			attributes = {
				LastUpgradeCheck = 0460;
				ORGANIZATIONNAME = infincia;
			};
			buildConfigurationList = AAAF060517CFFAA400A7207A /* Build configuration list for PBXProject "Shorty" */;
			compatibilityVersion = "Xcode 3.2";
			developmentRegion = English;
			hasScannedForEncodings = 0;
			knownRegions = (
				en,
			);
			mainGroup = AAAF060117CFFAA400A7207A;
			projectDirPath = "";
			projectRoot = "";
			targets = (
				AAAF060617CFFAA400A7207A /* Shorty */,
			);
		};
/* End PBXProject section */

/* Begin XCBuildConfiguration section */
		AAAF060717CFFAA400A7207A /* Debug */ = {
			isa = XCBuildConfiguration;
			buildSettings = {
				ALWAYS_SEARCH_USER_PATHS = NO;
				ARCHS = "$(ARCHS_STANDARD_64_BIT)";
				CLANG_CXX_LANGUAGE_STANDARD = "gnu++0x";
				CLANG_CXX_LIBRARY = "libc++";
				CLANG_WARN_CONSTANT_CONVERSION = YES;
				CLANG_WARN_EMPTY_BODY = YES;
				CLANG_WARN_ENUM_CONVERSION = YES;
				CLANG_WARN_INT_CONVERSION = YES;
				CLANG_WARN__DUPLICATE_METHOD_MATCH = YES;
				COPY_PHASE_STRIP = NO;
				GCC_C_LANGUAGE_STANDARD = gnu99;
				GCC_DYNAMIC_NO_PIC = NO;
				GCC_ENABLE_OBJC_EXCEPTIONS = YES;
				GCC_OPTIMIZATION_LEVEL = 0;
				GCC_PREPROCESSOR_DEFINITIONS = (
					"DEBUG=1",
					"$(inherited)",
				);
				GCC_SYMBOLS_PRIVATE_EXTERN = NO;
				GCC_WARN_64_TO_32_BIT_CONVERSION = YES;
				GCC_WARN_ABOUT_RETURN_TYPE = YES;
				GCC_WARN_UNINITIALIZED_AUTOS = YES;
				GCC_WARN_UNUSED_VARIABLE = YES;
				MACOSX_DEPLOYMENT_TARGET = 10.8;
				ONLY_ACTIVE_ARCH = YES;
				SDKROOT = macosx;
			};
			name = Debug;
		};
		AAAF060817CFFAA400A7207A /* Release */ = {
			isa = XCBuildConfiguration;
			buildSettings = {
				ALWAYS_SEARCH_USER_PATHS = NO;
				ARCHS = "$(ARCHS_STANDARD_64_BIT)";
				CLANG_CXX_LANGUAGE_STANDARD = "gnu++0x";
				CLANG_CXX_LIBRARY = "libc++";
				CLANG_WARN_CONSTANT_CONVERSION = YES;
				CLANG_WARN_EMPTY_BODY = YES;
				CLANG_WARN_ENUM_CONVERSION = YES;
				CLANG_WARN_INT_CONVERSION = YES;
				CLANG_WARN__DUPLICATE_METHOD_MATCH = YES;
				COPY_PHASE_STRIP = YES;
				DEBUG_INFORMATION_FORMAT = "dwarf-with-dsym";
				GCC_C_LANGUAGE_STANDARD = gnu99;
				GCC_ENABLE_OBJC_EXCEPTIONS = YES;
				GCC_WARN_64_TO_32_BIT_CONVERSION = YES;
				GCC_WARN_ABOUT_RETURN_TYPE = YES;
				GCC_WARN_UNINITIALIZED_AUTOS = YES;
				GCC_WARN_UNUSED_VARIABLE = YES;
				MACOSX_DEPLOYMENT_TARGET = 10.8;
				SDKROOT = macosx;
			};
			name = Release;
		};
		AAAF060A17CFFAA400A7207A /* Debug */ = {
			isa = XCBuildConfiguration;
			buildSettings = {
				DEBUGGING_SYMBOLS = YES;
				GCC_GENERATE_DEBUGGING_SYMBOLS = YES;
				GCC_OPTIMIZATION_LEVEL = 0;
				OTHER_CFLAGS = "";
				OTHER_LDFLAGS = "";
				PRODUCT_NAME = "$(TARGET_NAME)";
			};
			name = Debug;
		};
		AAAF060B17CFFAA400A7207A /* Release */ = {
			isa = XCBuildConfiguration;
			buildSettings = {
				OTHER_CFLAGS = "";
				OTHER_LDFLAGS = "";
				PRODUCT_NAME = "$(TARGET_NAME)";
			};
			name = Release;
		};
/* End XCBuildConfiguration section */

/* Begin XCConfigurationList section */
		AAAF060517CFFAA400A7207A /* Build configuration list for PBXProject "Shorty" */ = {
			isa = XCConfigurationList;
			buildConfigurations = (
				AAAF060717CFFAA400A7207A /* Debug */,
				AAAF060817CFFAA400A7207A /* Release */,
			);
			defaultConfigurationIsVisible = 0;
			defaultConfigurationName = Release;
		};
		AAAF060917CFFAA400A7207A /* Build configuration list for PBXLegacyTarget "Shorty" */ = {
			isa = XCConfigurationList;
			buildConfigurations = (
				AAAF060A17CFFAA400A7207A /* Debug */,
				AAAF060B17CFFAA400A7207A /* Release */,
			);
			defaultConfigurationIsVisible = 0;
			defaultConfigurationName = Release;
		};
/* End XCConfigurationList section */
	};
	rootObject = AAAF060217CFFAA400A7207A /* Project object */;
}
